
Microsoft Visual Studio Solution File, Format Version 12.00
# Visual Studio Version 17
VisualStudioVersion = 17.9.34714.143
MinimumVisualStudioVersion = 10.0.40219.1
Project("{FAE04EC0-301F-11D3-BF4B-00C04F79EFBC}") = "CSPractice1", "CSPractice1\CSPractice1.csproj", "{C7D5D703-440C-4830-9C03-FEF307F90405}"
EndProject
Global
	GlobalSection(SolutionConfigurationPlatforms) = preSolution
		Debug|Any CPU = Debug|Any CPU
		Release|Any CPU = Release|Any CPU
	EndGlobalSection
	GlobalSection(ProjectConfigurationPlatforms) = postSolution
		{C7D5D703-440C-4830-9C03-FEF307F90405}.Debug|Any CPU.ActiveCfg = Debug|Any CPU
		{C7D5D703-440C-4830-9C03-FEF307F90405}.Debug|Any CPU.Build.0 = Debug|Any CPU
		{C7D5D703-440C-4830-9C03-FEF307F90405}.Release|Any CPU.ActiveCfg = Release|Any CPU
		{C7D5D703-440C-4830-9C03-FEF307F90405}.Release|Any CPU.Build.0 = Release|Any CPU
	EndGlobalSection
	GlobalSection(SolutionProperties) = preSolution
		HideSolutionNode = FALSE
	EndGlobalSection
	GlobalSection(ExtensibilityGlobals) = postSolution
		SolutionGuid = {E7CFD47C-8DA6-473A-80E3-DC2446DC7368}
	EndGlobalSection
EndGlobal
